// !$*UTF8*$!
{
	archiveVersion = 1;
	classes = {
	};
	objectVersion = 50;
	objects = {

/* Begin PBXBuildFile section */
		055D8EB4E084AFDBF641682E /* Pods_PicPayTests.framework in Frameworks */ = {isa = PBXBuildFile; fileRef = CBF601E7F82E9FE299E04A01 /* Pods_PicPayTests.framework */; };
		2442DDBFFC9692ECFFE97A57 /* Pods_PicPay.framework in Frameworks */ = {isa = PBXBuildFile; fileRef = 5C9110DC69370A44AF62F0BE /* Pods_PicPay.framework */; };
		59159B9821A94D5900938AB3 /* AppDelegate.swift in Sources */ = {isa = PBXBuildFile; fileRef = 59159B9721A94D5900938AB3 /* AppDelegate.swift */; };
		59159B9C21A94D5900938AB3 /* ProviderProtocol.swift in Sources */ = {isa = PBXBuildFile; fileRef = 59159B9B21A94D5900938AB3 /* ProviderProtocol.swift */; };
		59159BA021A94D5900938AB3 /* UIDeviceExtension.swift in Sources */ = {isa = PBXBuildFile; fileRef = 59159B9F21A94D5900938AB3 /* UIDeviceExtension.swift */; };
		59159BA321A94D5900938AB3 /* Configuring.swift in Sources */ = {isa = PBXBuildFile; fileRef = 59159BA221A94D5900938AB3 /* Configuring.swift */; };
		59159BA521A94D5900938AB3 /* Dynamic.swift in Sources */ = {isa = PBXBuildFile; fileRef = 59159BA421A94D5900938AB3 /* Dynamic.swift */; };
		59159BA721A94D5900938AB3 /* UIViewExtension.swift in Sources */ = {isa = PBXBuildFile; fileRef = 59159BA621A94D5900938AB3 /* UIViewExtension.swift */; };
		59159BA921A94D5900938AB3 /* Utils.swift in Sources */ = {isa = PBXBuildFile; fileRef = 59159BA821A94D5900938AB3 /* Utils.swift */; };
		59159BB021A94D5900938AB3 /* BaseModelProtocol.swift in Sources */ = {isa = PBXBuildFile; fileRef = 59159BAF21A94D5900938AB3 /* BaseModelProtocol.swift */; };
		59159BB421A94D5900938AB3 /* infoStoryboards.swift in Sources */ = {isa = PBXBuildFile; fileRef = 59159BB321A94D5900938AB3 /* infoStoryboards.swift */; };
		59159BB721A94D5900938AB3 /* Session.swift in Sources */ = {isa = PBXBuildFile; fileRef = 59159BB621A94D5900938AB3 /* Session.swift */; };
		59159BB921A94D5900938AB3 /* URLSessionBase.swift in Sources */ = {isa = PBXBuildFile; fileRef = 59159BB821A94D5900938AB3 /* URLSessionBase.swift */; };
		59159BBB21A94D5900938AB3 /* UIImageExtension.swift in Sources */ = {isa = PBXBuildFile; fileRef = 59159BBA21A94D5900938AB3 /* UIImageExtension.swift */; };
		59159BBE21A94D5900938AB3 /* Api.swift in Sources */ = {isa = PBXBuildFile; fileRef = 59159BBD21A94D5900938AB3 /* Api.swift */; };
		59159BC121A94D5900938AB3 /* infoBusiness.swift in Sources */ = {isa = PBXBuildFile; fileRef = 59159BC021A94D5900938AB3 /* infoBusiness.swift */; };
		59159BC321A94D5900938AB3 /* infoInfrastructure.swift in Sources */ = {isa = PBXBuildFile; fileRef = 59159BC221A94D5900938AB3 /* infoInfrastructure.swift */; };
		59159BC521A94D5900938AB3 /* GenericErros.swift in Sources */ = {isa = PBXBuildFile; fileRef = 59159BC421A94D5900938AB3 /* GenericErros.swift */; };
		59159BC821A94D5900938AB3 /* infoManager.swift in Sources */ = {isa = PBXBuildFile; fileRef = 59159BC721A94D5900938AB3 /* infoManager.swift */; };
		59159BCA21A94D5900938AB3 /* infoModel.swift in Sources */ = {isa = PBXBuildFile; fileRef = 59159BC921A94D5900938AB3 /* infoModel.swift */; };
		59159BCC21A94D5900938AB3 /* infoProvider.swift in Sources */ = {isa = PBXBuildFile; fileRef = 59159BCB21A94D5900938AB3 /* infoProvider.swift */; };
		59159BD021A94D5900938AB3 /* infoUIComponents.swift in Sources */ = {isa = PBXBuildFile; fileRef = 59159BCF21A94D5900938AB3 /* infoUIComponents.swift */; };
		59159BD321A94D5900938AB3 /* infoView.swift in Sources */ = {isa = PBXBuildFile; fileRef = 59159BD221A94D5900938AB3 /* infoView.swift */; };
		59159BD621A94D5900938AB3 /* infoViewController.swift in Sources */ = {isa = PBXBuildFile; fileRef = 59159BD521A94D5900938AB3 /* infoViewController.swift */; };
		59159BD821A94D5900938AB3 /* infoArch.swift in Sources */ = {isa = PBXBuildFile; fileRef = 59159BD721A94D5900938AB3 /* infoArch.swift */; };
		59159BDA21A94D5900938AB3 /* Env.swift in Sources */ = {isa = PBXBuildFile; fileRef = 59159BD921A94D5900938AB3 /* Env.swift */; };
		59159BDC21A94D5900938AB3 /* UIColorExtension.swift in Sources */ = {isa = PBXBuildFile; fileRef = 59159BDB21A94D5900938AB3 /* UIColorExtension.swift */; };
		59159BDE21A94D5900938AB3 /* infoResources.swift in Sources */ = {isa = PBXBuildFile; fileRef = 59159BDD21A94D5900938AB3 /* infoResources.swift */; };
		59159BE121A94D5900938AB3 /* infoSupport.swift in Sources */ = {isa = PBXBuildFile; fileRef = 59159BE021A94D5900938AB3 /* infoSupport.swift */; };
		59159BE321A94D5900938AB3 /* ImageStore.swift in Sources */ = {isa = PBXBuildFile; fileRef = 59159BE221A94D5900938AB3 /* ImageStore.swift */; };
		59159BE521A94D5900938AB3 /* Debugger.swift in Sources */ = {isa = PBXBuildFile; fileRef = 59159BE421A94D5900938AB3 /* Debugger.swift */; };
		59159BF421A94D5900938AB3 /* infoXIB.swift in Sources */ = {isa = PBXBuildFile; fileRef = 59159BF321A94D5900938AB3 /* infoXIB.swift */; };
		59159BF721A94D5900938AB3 /* iOS-Architecture.pdf in Resources */ = {isa = PBXBuildFile; fileRef = 59159BF621A94D5900938AB3 /* iOS-Architecture.pdf */; };
		59159BFC21A94D5900938AB3 /* Assets.xcassets in Resources */ = {isa = PBXBuildFile; fileRef = 59159BFB21A94D5900938AB3 /* Assets.xcassets */; };
		59159BFF21A94D5900938AB3 /* LaunchScreen.storyboard in Resources */ = {isa = PBXBuildFile; fileRef = 59159BFD21A94D5900938AB3 /* LaunchScreen.storyboard */; };
		59159C0A21A94D5A00938AB3 /* PicPayTests.swift in Sources */ = {isa = PBXBuildFile; fileRef = 59159C0921A94D5A00938AB3 /* PicPayTests.swift */; };
		59159C1521A94D5A00938AB3 /* PicPayUITests.swift in Sources */ = {isa = PBXBuildFile; fileRef = 59159C1421A94D5A00938AB3 /* PicPayUITests.swift */; };
		59573C0E21A953CF007FDCC4 /* Coordinator.swift in Sources */ = {isa = PBXBuildFile; fileRef = 59573C0D21A953CF007FDCC4 /* Coordinator.swift */; };
		59573C1021A953FA007FDCC4 /* AppCoordinator.swift in Sources */ = {isa = PBXBuildFile; fileRef = 59573C0F21A953FA007FDCC4 /* AppCoordinator.swift */; };
		59573C1321A95490007FDCC4 /* UsersCoordinator.swift in Sources */ = {isa = PBXBuildFile; fileRef = 59573C1221A95490007FDCC4 /* UsersCoordinator.swift */; };
		59573C1621A95548007FDCC4 /* UsersViewController.swift in Sources */ = {isa = PBXBuildFile; fileRef = 59573C1521A95548007FDCC4 /* UsersViewController.swift */; };
		59573C1921A95565007FDCC4 /* UsersView.swift in Sources */ = {isa = PBXBuildFile; fileRef = 59573C1821A95565007FDCC4 /* UsersView.swift */; };
		59573C1C21A9580D007FDCC4 /* User.swift in Sources */ = {isa = PBXBuildFile; fileRef = 59573C1B21A9580D007FDCC4 /* User.swift */; };
		59573C1F21A95BA5007FDCC4 /* UsersViewController.xib in Resources */ = {isa = PBXBuildFile; fileRef = 59573C1E21A95BA5007FDCC4 /* UsersViewController.xib */; };
		59573C2121A95CBB007FDCC4 /* UserDataSource.swift in Sources */ = {isa = PBXBuildFile; fileRef = 59573C2021A95CBB007FDCC4 /* UserDataSource.swift */; };
		59573C2321A95D57007FDCC4 /* UsersUIViewCell.swift in Sources */ = {isa = PBXBuildFile; fileRef = 59573C2221A95D57007FDCC4 /* UsersUIViewCell.swift */; };
		59573C2521A95D93007FDCC4 /* UsersUIViewCell.xib in Resources */ = {isa = PBXBuildFile; fileRef = 59573C2421A95D93007FDCC4 /* UsersUIViewCell.xib */; };
		59573C2821A96155007FDCC4 /* UsersProviderProtocol.swift in Sources */ = {isa = PBXBuildFile; fileRef = 59573C2721A96155007FDCC4 /* UsersProviderProtocol.swift */; };
		59573C2A21A9615F007FDCC4 /* UsersProvider.swift in Sources */ = {isa = PBXBuildFile; fileRef = 59573C2921A9615F007FDCC4 /* UsersProvider.swift */; };
		59573C2D21A9674A007FDCC4 /* UserManager.swift in Sources */ = {isa = PBXBuildFile; fileRef = 59573C2C21A9674A007FDCC4 /* UserManager.swift */; };
		59573C3021A967AF007FDCC4 /* UsersBusiness.swift in Sources */ = {isa = PBXBuildFile; fileRef = 59573C2F21A967AF007FDCC4 /* UsersBusiness.swift */; };
		59573C3221A97339007FDCC4 /* RoundedUIImage.swift in Sources */ = {isa = PBXBuildFile; fileRef = 59573C3121A97339007FDCC4 /* RoundedUIImage.swift */; };
		59573C3521A979E6007FDCC4 /* TransactionViewController.swift in Sources */ = {isa = PBXBuildFile; fileRef = 59573C3421A979E6007FDCC4 /* TransactionViewController.swift */; };
		59573C3821A979FA007FDCC4 /* TransactionView.swift in Sources */ = {isa = PBXBuildFile; fileRef = 59573C3721A979FA007FDCC4 /* TransactionView.swift */; };
		59573C3B21A97A20007FDCC4 /* TransactionViewController.xib in Resources */ = {isa = PBXBuildFile; fileRef = 59573C3A21A97A20007FDCC4 /* TransactionViewController.xib */; };
		59573C3E21A97AAC007FDCC4 /* TransactionCoordinator.swift in Sources */ = {isa = PBXBuildFile; fileRef = 59573C3D21A97AAC007FDCC4 /* TransactionCoordinator.swift */; };
		59573C4121A9BDAE007FDCC4 /* CredcardPaymentView.xib in Resources */ = {isa = PBXBuildFile; fileRef = 59573C4021A9BDAE007FDCC4 /* CredcardPaymentView.xib */; };
		59573C4421A9BDD0007FDCC4 /* CredcardPaymentView.swift in Sources */ = {isa = PBXBuildFile; fileRef = 59573C4321A9BDD0007FDCC4 /* CredcardPaymentView.swift */; };
		59573C4B21A9C3D7007FDCC4 /* RoundedUIButton.swift in Sources */ = {isa = PBXBuildFile; fileRef = 59573C4A21A9C3D7007FDCC4 /* RoundedUIButton.swift */; };
		59573C4E21A9CD7B007FDCC4 /* Account.swift in Sources */ = {isa = PBXBuildFile; fileRef = 59573C4D21A9CD7B007FDCC4 /* Account.swift */; };
		59573C5121A9CDB8007FDCC4 /* Card.swift in Sources */ = {isa = PBXBuildFile; fileRef = 59573C5021A9CDB8007FDCC4 /* Card.swift */; };
		59573C5421A9D44A007FDCC4 /* TransactionProvider.swift in Sources */ = {isa = PBXBuildFile; fileRef = 59573C5321A9D44A007FDCC4 /* TransactionProvider.swift */; };
		59573C5621A9D452007FDCC4 /* TransactionProviderProtocol.swift in Sources */ = {isa = PBXBuildFile; fileRef = 59573C5521A9D452007FDCC4 /* TransactionProviderProtocol.swift */; };
		59573C5921A9D731007FDCC4 /* Transaction.swift in Sources */ = {isa = PBXBuildFile; fileRef = 59573C5821A9D731007FDCC4 /* Transaction.swift */; };
		59573C5C21A9DD6E007FDCC4 /* TransactionManager.swift in Sources */ = {isa = PBXBuildFile; fileRef = 59573C5B21A9DD6E007FDCC4 /* TransactionManager.swift */; };
		59573C6021A9DDA4007FDCC4 /* TransactionBusiness.swift in Sources */ = {isa = PBXBuildFile; fileRef = 59573C5F21A9DDA4007FDCC4 /* TransactionBusiness.swift */; };
		59573C6321AA0F4C007FDCC4 /* AccountStorage.swift in Sources */ = {isa = PBXBuildFile; fileRef = 59573C6221AA0F4C007FDCC4 /* AccountStorage.swift */; };
		59573C6521AAAC5C007FDCC4 /* CredcardListView.swift in Sources */ = {isa = PBXBuildFile; fileRef = 59573C6421AAAC5C007FDCC4 /* CredcardListView.swift */; };
		59573C6821AAAC75007FDCC4 /* CredcardListViewController.swift in Sources */ = {isa = PBXBuildFile; fileRef = 59573C6721AAAC75007FDCC4 /* CredcardListViewController.swift */; };
		59573C6A21AAAC8F007FDCC4 /* CredcardListViewController.xib in Resources */ = {isa = PBXBuildFile; fileRef = 59573C6921AAAC8F007FDCC4 /* CredcardListViewController.xib */; };
		59573C6C21AAB108007FDCC4 /* UIButtonNavbar.swift in Sources */ = {isa = PBXBuildFile; fileRef = 59573C6B21AAB108007FDCC4 /* UIButtonNavbar.swift */; };
		59E9F1E221AAB550003A3035 /* CredcardListCoordinator.swift in Sources */ = {isa = PBXBuildFile; fileRef = 59E9F1E121AAB550003A3035 /* CredcardListCoordinator.swift */; };
		59E9F1E421AABC05003A3035 /* CredcardDataSource.swift in Sources */ = {isa = PBXBuildFile; fileRef = 59E9F1E321AABC05003A3035 /* CredcardDataSource.swift */; };
		59E9F1E621AABC30003A3035 /* CredcardListUIViewCell.swift in Sources */ = {isa = PBXBuildFile; fileRef = 59E9F1E521AABC30003A3035 /* CredcardListUIViewCell.swift */; };
		59E9F1E821AAC0AA003A3035 /* CredcardListViewforFooter.swift in Sources */ = {isa = PBXBuildFile; fileRef = 59E9F1E721AAC0AA003A3035 /* CredcardListViewforFooter.swift */; };
		59E9F1EA21AAC0E5003A3035 /* CredcardListViewforFooter.xib in Resources */ = {isa = PBXBuildFile; fileRef = 59E9F1E921AAC0E5003A3035 /* CredcardListViewforFooter.xib */; };
		59E9F1EE21AAC504003A3035 /* CredcardCreateView.swift in Sources */ = {isa = PBXBuildFile; fileRef = 59E9F1ED21AAC504003A3035 /* CredcardCreateView.swift */; };
		59E9F1F021AAC516003A3035 /* CredcardCreateViewController.swift in Sources */ = {isa = PBXBuildFile; fileRef = 59E9F1EF21AAC516003A3035 /* CredcardCreateViewController.swift */; };
		59E9F1F221AAC548003A3035 /* CredcardCreateViewController.xib in Resources */ = {isa = PBXBuildFile; fileRef = 59E9F1F121AAC548003A3035 /* CredcardCreateViewController.xib */; };
		59E9F1F421AAC63A003A3035 /* CredcardCreateCoordinator.swift in Sources */ = {isa = PBXBuildFile; fileRef = 59E9F1F321AAC63A003A3035 /* CredcardCreateCoordinator.swift */; };
		59E9F1F721AAD2C4003A3035 /* CredcardBusiness.swift in Sources */ = {isa = PBXBuildFile; fileRef = 59E9F1F621AAD2C4003A3035 /* CredcardBusiness.swift */; };
		59E9F1FA21AAD35C003A3035 /* CredcardManager.swift in Sources */ = {isa = PBXBuildFile; fileRef = 59E9F1F921AAD35C003A3035 /* CredcardManager.swift */; };
		59E9F1FC21AAE3AA003A3035 /* CredcardListUIViewCell.xib in Resources */ = {isa = PBXBuildFile; fileRef = 59E9F1FB21AAE3AA003A3035 /* CredcardListUIViewCell.xib */; };
		F91E4266449CD588DBBA86C3 /* Pods_PicPayUITests.framework in Frameworks */ = {isa = PBXBuildFile; fileRef = A94A1C03F6A1924CA4398373 /* Pods_PicPayUITests.framework */; };
/* End PBXBuildFile section */

/* Begin PBXContainerItemProxy section */
		59159C0621A94D5A00938AB3 /* PBXContainerItemProxy */ = {
			isa = PBXContainerItemProxy;
			containerPortal = 59159B8C21A94D5900938AB3 /* Project object */;
			proxyType = 1;
			remoteGlobalIDString = 59159B9321A94D5900938AB3;
			remoteInfo = PicPay;
		};
		59159C1121A94D5A00938AB3 /* PBXContainerItemProxy */ = {
			isa = PBXContainerItemProxy;
			containerPortal = 59159B8C21A94D5900938AB3 /* Project object */;
			proxyType = 1;
			remoteGlobalIDString = 59159B9321A94D5900938AB3;
			remoteInfo = PicPay;
		};
/* End PBXContainerItemProxy section */

/* Begin PBXFileReference section */
		28BB21545EB5DCFA89E5647D /* Pods-PicPay.debug.xcconfig */ = {isa = PBXFileReference; includeInIndex = 1; lastKnownFileType = text.xcconfig; name = "Pods-PicPay.debug.xcconfig"; path = "Pods/Target Support Files/Pods-PicPay/Pods-PicPay.debug.xcconfig"; sourceTree = "<group>"; };
		40580EA27F6D481EACD76254 /* Pods-PicPayTests.debug.xcconfig */ = {isa = PBXFileReference; includeInIndex = 1; lastKnownFileType = text.xcconfig; name = "Pods-PicPayTests.debug.xcconfig"; path = "Pods/Target Support Files/Pods-PicPayTests/Pods-PicPayTests.debug.xcconfig"; sourceTree = "<group>"; };
		4BEBF07007386BAB34E7EA32 /* Pods-PicPayUITests.release.xcconfig */ = {isa = PBXFileReference; includeInIndex = 1; lastKnownFileType = text.xcconfig; name = "Pods-PicPayUITests.release.xcconfig"; path = "Pods/Target Support Files/Pods-PicPayUITests/Pods-PicPayUITests.release.xcconfig"; sourceTree = "<group>"; };
		59159B9421A94D5900938AB3 /* PicPay.app */ = {isa = PBXFileReference; explicitFileType = wrapper.application; includeInIndex = 0; path = PicPay.app; sourceTree = BUILT_PRODUCTS_DIR; };
		59159B9721A94D5900938AB3 /* AppDelegate.swift */ = {isa = PBXFileReference; lastKnownFileType = sourcecode.swift; path = AppDelegate.swift; sourceTree = "<group>"; };
		59159B9B21A94D5900938AB3 /* ProviderProtocol.swift */ = {isa = PBXFileReference; lastKnownFileType = sourcecode.swift; name = ProviderProtocol.swift; path = CoreLayer/Provider/ProviderProtocol.swift; sourceTree = "<group>"; };
		59159B9F21A94D5900938AB3 /* UIDeviceExtension.swift */ = {isa = PBXFileReference; lastKnownFileType = sourcecode.swift; name = UIDeviceExtension.swift; path = CoreLayer/Infrastructure/Extensions/UIDeviceExtension.swift; sourceTree = "<group>"; };
		59159BA221A94D5900938AB3 /* Configuring.swift */ = {isa = PBXFileReference; lastKnownFileType = sourcecode.swift; name = Configuring.swift; path = CoreLayer/Infrastructure/Utils/Configuring.swift; sourceTree = "<group>"; };
		59159BA421A94D5900938AB3 /* Dynamic.swift */ = {isa = PBXFileReference; lastKnownFileType = sourcecode.swift; name = Dynamic.swift; path = CoreLayer/Infrastructure/Dynamic.swift; sourceTree = "<group>"; };
		59159BA621A94D5900938AB3 /* UIViewExtension.swift */ = {isa = PBXFileReference; lastKnownFileType = sourcecode.swift; name = UIViewExtension.swift; path = CoreLayer/Infrastructure/Extensions/UIViewExtension.swift; sourceTree = "<group>"; };
		59159BA821A94D5900938AB3 /* Utils.swift */ = {isa = PBXFileReference; lastKnownFileType = sourcecode.swift; name = Utils.swift; path = CoreLayer/Infrastructure/Utils/Utils.swift; sourceTree = "<group>"; };
		59159BAF21A94D5900938AB3 /* BaseModelProtocol.swift */ = {isa = PBXFileReference; lastKnownFileType = sourcecode.swift; name = BaseModelProtocol.swift; path = CoreLayer/Model/BaseModelProtocol.swift; sourceTree = "<group>"; };
		59159BB321A94D5900938AB3 /* infoStoryboards.swift */ = {isa = PBXFileReference; lastKnownFileType = sourcecode.swift; name = infoStoryboards.swift; path = CoreLayer/Infrastructure/Resources/Storyboards/infoStoryboards.swift; sourceTree = "<group>"; };
		59159BB621A94D5900938AB3 /* Session.swift */ = {isa = PBXFileReference; lastKnownFileType = sourcecode.swift; name = Session.swift; path = CoreLayer/Infrastructure/HTTPRequest/Session.swift; sourceTree = "<group>"; };
		59159BB821A94D5900938AB3 /* URLSessionBase.swift */ = {isa = PBXFileReference; lastKnownFileType = sourcecode.swift; name = URLSessionBase.swift; path = CoreLayer/Infrastructure/HTTPRequest/URLSessionBase.swift; sourceTree = "<group>"; };
		59159BBA21A94D5900938AB3 /* UIImageExtension.swift */ = {isa = PBXFileReference; lastKnownFileType = sourcecode.swift; name = UIImageExtension.swift; path = CoreLayer/Infrastructure/Extensions/UIImageExtension.swift; sourceTree = "<group>"; };
		59159BBD21A94D5900938AB3 /* Api.swift */ = {isa = PBXFileReference; lastKnownFileType = sourcecode.swift; name = Api.swift; path = CoreLayer/Infrastructure/Constants/Api.swift; sourceTree = "<group>"; };
		59159BC021A94D5900938AB3 /* infoBusiness.swift */ = {isa = PBXFileReference; lastKnownFileType = sourcecode.swift; name = infoBusiness.swift; path = CoreLayer/Business/infoBusiness.swift; sourceTree = "<group>"; };
		59159BC221A94D5900938AB3 /* infoInfrastructure.swift */ = {isa = PBXFileReference; lastKnownFileType = sourcecode.swift; name = infoInfrastructure.swift; path = CoreLayer/Infrastructure/infoInfrastructure.swift; sourceTree = "<group>"; };
		59159BC421A94D5900938AB3 /* GenericErros.swift */ = {isa = PBXFileReference; lastKnownFileType = sourcecode.swift; name = GenericErros.swift; path = CoreLayer/Infrastructure/GenericErros.swift; sourceTree = "<group>"; };
		59159BC721A94D5900938AB3 /* infoManager.swift */ = {isa = PBXFileReference; lastKnownFileType = sourcecode.swift; name = infoManager.swift; path = CoreLayer/Manager/infoManager.swift; sourceTree = "<group>"; };
		59159BC921A94D5900938AB3 /* infoModel.swift */ = {isa = PBXFileReference; lastKnownFileType = sourcecode.swift; name = infoModel.swift; path = CoreLayer/Model/infoModel.swift; sourceTree = "<group>"; };
		59159BCB21A94D5900938AB3 /* infoProvider.swift */ = {isa = PBXFileReference; lastKnownFileType = sourcecode.swift; name = infoProvider.swift; path = CoreLayer/Provider/infoProvider.swift; sourceTree = "<group>"; };
		59159BCF21A94D5900938AB3 /* infoUIComponents.swift */ = {isa = PBXFileReference; lastKnownFileType = sourcecode.swift; name = infoUIComponents.swift; path = UILayer/UIComponents/infoUIComponents.swift; sourceTree = "<group>"; };
		59159BD221A94D5900938AB3 /* infoView.swift */ = {isa = PBXFileReference; lastKnownFileType = sourcecode.swift; name = infoView.swift; path = UILayer/View/infoView.swift; sourceTree = "<group>"; };
		59159BD521A94D5900938AB3 /* infoViewController.swift */ = {isa = PBXFileReference; lastKnownFileType = sourcecode.swift; name = infoViewController.swift; path = UILayer/ViewController/infoViewController.swift; sourceTree = "<group>"; };
		59159BD721A94D5900938AB3 /* infoArch.swift */ = {isa = PBXFileReference; lastKnownFileType = sourcecode.swift; path = infoArch.swift; sourceTree = "<group>"; };
		59159BD921A94D5900938AB3 /* Env.swift */ = {isa = PBXFileReference; lastKnownFileType = sourcecode.swift; name = Env.swift; path = CoreLayer/Infrastructure/Constants/Env.swift; sourceTree = "<group>"; };
		59159BDB21A94D5900938AB3 /* UIColorExtension.swift */ = {isa = PBXFileReference; lastKnownFileType = sourcecode.swift; name = UIColorExtension.swift; path = CoreLayer/Infrastructure/Extensions/UIColorExtension.swift; sourceTree = "<group>"; };
		59159BDD21A94D5900938AB3 /* infoResources.swift */ = {isa = PBXFileReference; lastKnownFileType = sourcecode.swift; name = infoResources.swift; path = CoreLayer/Infrastructure/Resources/infoResources.swift; sourceTree = "<group>"; };
		59159BE021A94D5900938AB3 /* infoSupport.swift */ = {isa = PBXFileReference; lastKnownFileType = sourcecode.swift; name = infoSupport.swift; path = CoreLayer/Infrastructure/Support/infoSupport.swift; sourceTree = "<group>"; };
		59159BE221A94D5900938AB3 /* ImageStore.swift */ = {isa = PBXFileReference; lastKnownFileType = sourcecode.swift; name = ImageStore.swift; path = CoreLayer/Infrastructure/Utils/ImageStore.swift; sourceTree = "<group>"; };
		59159BE421A94D5900938AB3 /* Debugger.swift */ = {isa = PBXFileReference; lastKnownFileType = sourcecode.swift; name = Debugger.swift; path = CoreLayer/Infrastructure/Utils/Debugger.swift; sourceTree = "<group>"; };
		59159BF321A94D5900938AB3 /* infoXIB.swift */ = {isa = PBXFileReference; lastKnownFileType = sourcecode.swift; name = infoXIB.swift; path = UILayer/XIBs/infoXIB.swift; sourceTree = "<group>"; };
		59159BF621A94D5900938AB3 /* iOS-Architecture.pdf */ = {isa = PBXFileReference; lastKnownFileType = image.pdf; name = "iOS-Architecture.pdf"; path = "CoreLayer/Infrastructure/Resources/PDFs/iOS-Architecture.pdf"; sourceTree = "<group>"; };
		59159BFB21A94D5900938AB3 /* Assets.xcassets */ = {isa = PBXFileReference; lastKnownFileType = folder.assetcatalog; path = Assets.xcassets; sourceTree = "<group>"; };
		59159BFE21A94D5900938AB3 /* Base */ = {isa = PBXFileReference; lastKnownFileType = file.storyboard; name = Base; path = Base.lproj/LaunchScreen.storyboard; sourceTree = "<group>"; };
		59159C0021A94D5900938AB3 /* Info.plist */ = {isa = PBXFileReference; lastKnownFileType = text.plist.xml; path = Info.plist; sourceTree = "<group>"; };
		59159C0521A94D5A00938AB3 /* PicPayTests.xctest */ = {isa = PBXFileReference; explicitFileType = wrapper.cfbundle; includeInIndex = 0; path = PicPayTests.xctest; sourceTree = BUILT_PRODUCTS_DIR; };
		59159C0921A94D5A00938AB3 /* PicPayTests.swift */ = {isa = PBXFileReference; lastKnownFileType = sourcecode.swift; path = PicPayTests.swift; sourceTree = "<group>"; };
		59159C0B21A94D5A00938AB3 /* Info.plist */ = {isa = PBXFileReference; lastKnownFileType = text.plist.xml; path = Info.plist; sourceTree = "<group>"; };
		59159C1021A94D5A00938AB3 /* PicPayUITests.xctest */ = {isa = PBXFileReference; explicitFileType = wrapper.cfbundle; includeInIndex = 0; path = PicPayUITests.xctest; sourceTree = BUILT_PRODUCTS_DIR; };
		59159C1421A94D5A00938AB3 /* PicPayUITests.swift */ = {isa = PBXFileReference; lastKnownFileType = sourcecode.swift; path = PicPayUITests.swift; sourceTree = "<group>"; };
		59159C1621A94D5A00938AB3 /* Info.plist */ = {isa = PBXFileReference; lastKnownFileType = text.plist.xml; path = Info.plist; sourceTree = "<group>"; };
		59573C0D21A953CF007FDCC4 /* Coordinator.swift */ = {isa = PBXFileReference; lastKnownFileType = sourcecode.swift; path = Coordinator.swift; sourceTree = "<group>"; };
		59573C0F21A953FA007FDCC4 /* AppCoordinator.swift */ = {isa = PBXFileReference; lastKnownFileType = sourcecode.swift; path = AppCoordinator.swift; sourceTree = "<group>"; };
		59573C1221A95490007FDCC4 /* UsersCoordinator.swift */ = {isa = PBXFileReference; lastKnownFileType = sourcecode.swift; path = UsersCoordinator.swift; sourceTree = "<group>"; };
		59573C1521A95548007FDCC4 /* UsersViewController.swift */ = {isa = PBXFileReference; lastKnownFileType = sourcecode.swift; path = UsersViewController.swift; sourceTree = "<group>"; };
		59573C1821A95565007FDCC4 /* UsersView.swift */ = {isa = PBXFileReference; lastKnownFileType = sourcecode.swift; path = UsersView.swift; sourceTree = "<group>"; };
		59573C1B21A9580D007FDCC4 /* User.swift */ = {isa = PBXFileReference; lastKnownFileType = sourcecode.swift; path = User.swift; sourceTree = "<group>"; };
		59573C1E21A95BA5007FDCC4 /* UsersViewController.xib */ = {isa = PBXFileReference; lastKnownFileType = file.xib; path = UsersViewController.xib; sourceTree = "<group>"; };
		59573C2021A95CBB007FDCC4 /* UserDataSource.swift */ = {isa = PBXFileReference; lastKnownFileType = sourcecode.swift; path = UserDataSource.swift; sourceTree = "<group>"; };
		59573C2221A95D57007FDCC4 /* UsersUIViewCell.swift */ = {isa = PBXFileReference; lastKnownFileType = sourcecode.swift; path = UsersUIViewCell.swift; sourceTree = "<group>"; };
		59573C2421A95D93007FDCC4 /* UsersUIViewCell.xib */ = {isa = PBXFileReference; lastKnownFileType = file.xib; path = UsersUIViewCell.xib; sourceTree = "<group>"; };
		59573C2721A96155007FDCC4 /* UsersProviderProtocol.swift */ = {isa = PBXFileReference; lastKnownFileType = sourcecode.swift; path = UsersProviderProtocol.swift; sourceTree = "<group>"; };
		59573C2921A9615F007FDCC4 /* UsersProvider.swift */ = {isa = PBXFileReference; lastKnownFileType = sourcecode.swift; path = UsersProvider.swift; sourceTree = "<group>"; };
		59573C2C21A9674A007FDCC4 /* UserManager.swift */ = {isa = PBXFileReference; lastKnownFileType = sourcecode.swift; path = UserManager.swift; sourceTree = "<group>"; };
		59573C2F21A967AF007FDCC4 /* UsersBusiness.swift */ = {isa = PBXFileReference; lastKnownFileType = sourcecode.swift; path = UsersBusiness.swift; sourceTree = "<group>"; };
		59573C3121A97339007FDCC4 /* RoundedUIImage.swift */ = {isa = PBXFileReference; lastKnownFileType = sourcecode.swift; path = RoundedUIImage.swift; sourceTree = "<group>"; };
		59573C3421A979E6007FDCC4 /* TransactionViewController.swift */ = {isa = PBXFileReference; lastKnownFileType = sourcecode.swift; path = TransactionViewController.swift; sourceTree = "<group>"; };
		59573C3721A979FA007FDCC4 /* TransactionView.swift */ = {isa = PBXFileReference; lastKnownFileType = sourcecode.swift; path = TransactionView.swift; sourceTree = "<group>"; };
		59573C3A21A97A20007FDCC4 /* TransactionViewController.xib */ = {isa = PBXFileReference; lastKnownFileType = file.xib; path = TransactionViewController.xib; sourceTree = "<group>"; };
		59573C3D21A97AAC007FDCC4 /* TransactionCoordinator.swift */ = {isa = PBXFileReference; lastKnownFileType = sourcecode.swift; path = TransactionCoordinator.swift; sourceTree = "<group>"; };
		59573C4021A9BDAE007FDCC4 /* CredcardPaymentView.xib */ = {isa = PBXFileReference; lastKnownFileType = file.xib; path = CredcardPaymentView.xib; sourceTree = "<group>"; };
		59573C4321A9BDD0007FDCC4 /* CredcardPaymentView.swift */ = {isa = PBXFileReference; lastKnownFileType = sourcecode.swift; path = CredcardPaymentView.swift; sourceTree = "<group>"; };
		59573C4A21A9C3D7007FDCC4 /* RoundedUIButton.swift */ = {isa = PBXFileReference; lastKnownFileType = sourcecode.swift; path = RoundedUIButton.swift; sourceTree = "<group>"; };
		59573C4D21A9CD7B007FDCC4 /* Account.swift */ = {isa = PBXFileReference; lastKnownFileType = sourcecode.swift; path = Account.swift; sourceTree = "<group>"; };
		59573C5021A9CDB8007FDCC4 /* Card.swift */ = {isa = PBXFileReference; lastKnownFileType = sourcecode.swift; path = Card.swift; sourceTree = "<group>"; };
		59573C5321A9D44A007FDCC4 /* TransactionProvider.swift */ = {isa = PBXFileReference; lastKnownFileType = sourcecode.swift; path = TransactionProvider.swift; sourceTree = "<group>"; };
		59573C5521A9D452007FDCC4 /* TransactionProviderProtocol.swift */ = {isa = PBXFileReference; lastKnownFileType = sourcecode.swift; path = TransactionProviderProtocol.swift; sourceTree = "<group>"; };
		59573C5821A9D731007FDCC4 /* Transaction.swift */ = {isa = PBXFileReference; lastKnownFileType = sourcecode.swift; path = Transaction.swift; sourceTree = "<group>"; };
		59573C5B21A9DD6E007FDCC4 /* TransactionManager.swift */ = {isa = PBXFileReference; lastKnownFileType = sourcecode.swift; path = TransactionManager.swift; sourceTree = "<group>"; };
		59573C5F21A9DDA4007FDCC4 /* TransactionBusiness.swift */ = {isa = PBXFileReference; lastKnownFileType = sourcecode.swift; path = TransactionBusiness.swift; sourceTree = "<group>"; };
		59573C6221AA0F4C007FDCC4 /* AccountStorage.swift */ = {isa = PBXFileReference; lastKnownFileType = sourcecode.swift; path = AccountStorage.swift; sourceTree = "<group>"; };
		59573C6421AAAC5C007FDCC4 /* CredcardListView.swift */ = {isa = PBXFileReference; lastKnownFileType = sourcecode.swift; path = CredcardListView.swift; sourceTree = "<group>"; };
		59573C6721AAAC75007FDCC4 /* CredcardListViewController.swift */ = {isa = PBXFileReference; lastKnownFileType = sourcecode.swift; path = CredcardListViewController.swift; sourceTree = "<group>"; };
		59573C6921AAAC8F007FDCC4 /* CredcardListViewController.xib */ = {isa = PBXFileReference; lastKnownFileType = file.xib; path = CredcardListViewController.xib; sourceTree = "<group>"; };
		59573C6B21AAB108007FDCC4 /* UIButtonNavbar.swift */ = {isa = PBXFileReference; lastKnownFileType = sourcecode.swift; path = UIButtonNavbar.swift; sourceTree = "<group>"; };
		59E9F1E121AAB550003A3035 /* CredcardListCoordinator.swift */ = {isa = PBXFileReference; lastKnownFileType = sourcecode.swift; path = CredcardListCoordinator.swift; sourceTree = "<group>"; };
		59E9F1E321AABC05003A3035 /* CredcardDataSource.swift */ = {isa = PBXFileReference; lastKnownFileType = sourcecode.swift; path = CredcardDataSource.swift; sourceTree = "<group>"; };
		59E9F1E521AABC30003A3035 /* CredcardListUIViewCell.swift */ = {isa = PBXFileReference; lastKnownFileType = sourcecode.swift; path = CredcardListUIViewCell.swift; sourceTree = "<group>"; };
		59E9F1E721AAC0AA003A3035 /* CredcardListViewforFooter.swift */ = {isa = PBXFileReference; lastKnownFileType = sourcecode.swift; path = CredcardListViewforFooter.swift; sourceTree = "<group>"; };
		59E9F1E921AAC0E5003A3035 /* CredcardListViewforFooter.xib */ = {isa = PBXFileReference; lastKnownFileType = file.xib; path = CredcardListViewforFooter.xib; sourceTree = "<group>"; };
		59E9F1ED21AAC504003A3035 /* CredcardCreateView.swift */ = {isa = PBXFileReference; lastKnownFileType = sourcecode.swift; path = CredcardCreateView.swift; sourceTree = "<group>"; };
		59E9F1EF21AAC516003A3035 /* CredcardCreateViewController.swift */ = {isa = PBXFileReference; lastKnownFileType = sourcecode.swift; path = CredcardCreateViewController.swift; sourceTree = "<group>"; };
		59E9F1F121AAC548003A3035 /* CredcardCreateViewController.xib */ = {isa = PBXFileReference; lastKnownFileType = file.xib; path = CredcardCreateViewController.xib; sourceTree = "<group>"; };
		59E9F1F321AAC63A003A3035 /* CredcardCreateCoordinator.swift */ = {isa = PBXFileReference; lastKnownFileType = sourcecode.swift; path = CredcardCreateCoordinator.swift; sourceTree = "<group>"; };
		59E9F1F621AAD2C4003A3035 /* CredcardBusiness.swift */ = {isa = PBXFileReference; lastKnownFileType = sourcecode.swift; path = CredcardBusiness.swift; sourceTree = "<group>"; };
		59E9F1F921AAD35C003A3035 /* CredcardManager.swift */ = {isa = PBXFileReference; lastKnownFileType = sourcecode.swift; path = CredcardManager.swift; sourceTree = "<group>"; };
		59E9F1FB21AAE3AA003A3035 /* CredcardListUIViewCell.xib */ = {isa = PBXFileReference; lastKnownFileType = file.xib; path = CredcardListUIViewCell.xib; sourceTree = "<group>"; };
		5C9110DC69370A44AF62F0BE /* Pods_PicPay.framework */ = {isa = PBXFileReference; explicitFileType = wrapper.framework; includeInIndex = 0; path = Pods_PicPay.framework; sourceTree = BUILT_PRODUCTS_DIR; };
		A94A1C03F6A1924CA4398373 /* Pods_PicPayUITests.framework */ = {isa = PBXFileReference; explicitFileType = wrapper.framework; includeInIndex = 0; path = Pods_PicPayUITests.framework; sourceTree = BUILT_PRODUCTS_DIR; };
		B7C6C892BD67EEF844BCDEA9 /* Pods-PicPay.release.xcconfig */ = {isa = PBXFileReference; includeInIndex = 1; lastKnownFileType = text.xcconfig; name = "Pods-PicPay.release.xcconfig"; path = "Pods/Target Support Files/Pods-PicPay/Pods-PicPay.release.xcconfig"; sourceTree = "<group>"; };
		CBF601E7F82E9FE299E04A01 /* Pods_PicPayTests.framework */ = {isa = PBXFileReference; explicitFileType = wrapper.framework; includeInIndex = 0; path = Pods_PicPayTests.framework; sourceTree = BUILT_PRODUCTS_DIR; };
		DEDCBE5AF3B4EDC74A8EFE99 /* Pods-PicPayUITests.debug.xcconfig */ = {isa = PBXFileReference; includeInIndex = 1; lastKnownFileType = text.xcconfig; name = "Pods-PicPayUITests.debug.xcconfig"; path = "Pods/Target Support Files/Pods-PicPayUITests/Pods-PicPayUITests.debug.xcconfig"; sourceTree = "<group>"; };
		F56686D074F9B61A6CB9FE96 /* Pods-PicPayTests.release.xcconfig */ = {isa = PBXFileReference; includeInIndex = 1; lastKnownFileType = text.xcconfig; name = "Pods-PicPayTests.release.xcconfig"; path = "Pods/Target Support Files/Pods-PicPayTests/Pods-PicPayTests.release.xcconfig"; sourceTree = "<group>"; };
/* End PBXFileReference section */

/* Begin PBXFrameworksBuildPhase section */
		59159B9121A94D5900938AB3 /* Frameworks */ = {
			isa = PBXFrameworksBuildPhase;
			buildActionMask = 2147483647;
			files = (
				2442DDBFFC9692ECFFE97A57 /* Pods_PicPay.framework in Frameworks */,
			);
			runOnlyForDeploymentPostprocessing = 0;
		};
		59159C0221A94D5A00938AB3 /* Frameworks */ = {
			isa = PBXFrameworksBuildPhase;
			buildActionMask = 2147483647;
			files = (
				055D8EB4E084AFDBF641682E /* Pods_PicPayTests.framework in Frameworks */,
			);
			runOnlyForDeploymentPostprocessing = 0;
		};
		59159C0D21A94D5A00938AB3 /* Frameworks */ = {
			isa = PBXFrameworksBuildPhase;
			buildActionMask = 2147483647;
			files = (
				F91E4266449CD588DBBA86C3 /* Pods_PicPayUITests.framework in Frameworks */,
			);
			runOnlyForDeploymentPostprocessing = 0;
		};
/* End PBXFrameworksBuildPhase section */

/* Begin PBXGroup section */
		0CCF86FC9F0C97CC4E770DF8 /* Pods */ = {
			isa = PBXGroup;
			children = (
				28BB21545EB5DCFA89E5647D /* Pods-PicPay.debug.xcconfig */,
				B7C6C892BD67EEF844BCDEA9 /* Pods-PicPay.release.xcconfig */,
				40580EA27F6D481EACD76254 /* Pods-PicPayTests.debug.xcconfig */,
				F56686D074F9B61A6CB9FE96 /* Pods-PicPayTests.release.xcconfig */,
				DEDCBE5AF3B4EDC74A8EFE99 /* Pods-PicPayUITests.debug.xcconfig */,
				4BEBF07007386BAB34E7EA32 /* Pods-PicPayUITests.release.xcconfig */,
			);
			name = Pods;
			sourceTree = "<group>";
		};
		59159B8B21A94D5900938AB3 = {
			isa = PBXGroup;
			children = (
				59159B9621A94D5900938AB3 /* PicPay */,
				59159C0821A94D5A00938AB3 /* PicPayTests */,
				59159C1321A94D5A00938AB3 /* PicPayUITests */,
				59159B9521A94D5900938AB3 /* Products */,
				0CCF86FC9F0C97CC4E770DF8 /* Pods */,
				C48BCC4CDE97D24752E3E810 /* Frameworks */,
			);
			sourceTree = "<group>";
		};
		59159B9521A94D5900938AB3 /* Products */ = {
			isa = PBXGroup;
			children = (
				59159B9421A94D5900938AB3 /* PicPay.app */,
				59159C0521A94D5A00938AB3 /* PicPayTests.xctest */,
				59159C1021A94D5A00938AB3 /* PicPayUITests.xctest */,
			);
			name = Products;
			sourceTree = "<group>";
		};
		59159B9621A94D5900938AB3 /* PicPay */ = {
			isa = PBXGroup;
			children = (
				59159BD721A94D5900938AB3 /* infoArch.swift */,
				59159B9921A94D5900938AB3 /* CoreLayer */,
				59159BCD21A94D5900938AB3 /* UILayer */,
			);
			path = PicPay;
			sourceTree = "<group>";
		};
		59159B9921A94D5900938AB3 /* CoreLayer */ = {
			isa = PBXGroup;
			children = (
				59573C0C21A953A3007FDCC4 /* Coordinator */,
				59159B9D21A94D5900938AB3 /* Infrastructure */,
				59159BAE21A94D5900938AB3 /* Model */,
				59159BBF21A94D5900938AB3 /* Business */,
				59159BC621A94D5900938AB3 /* Manager */,
				59159B9A21A94D5900938AB3 /* Provider */,
			);
			name = CoreLayer;
			sourceTree = "<group>";
		};
		59159B9A21A94D5900938AB3 /* Provider */ = {
			isa = PBXGroup;
			children = (
				59159B9B21A94D5900938AB3 /* ProviderProtocol.swift */,
				59159BCB21A94D5900938AB3 /* infoProvider.swift */,
				59573C6121AA0F30007FDCC4 /* Account */,
				59573C2621A96142007FDCC4 /* Users */,
				59573C5221A9D42F007FDCC4 /* Transaction */,
			);
			name = Provider;
			sourceTree = "<group>";
		};
		59159B9D21A94D5900938AB3 /* Infrastructure */ = {
			isa = PBXGroup;
			children = (
				59159B9721A94D5900938AB3 /* AppDelegate.swift */,
				59159BA421A94D5900938AB3 /* Dynamic.swift */,
				59159BC221A94D5900938AB3 /* infoInfrastructure.swift */,
				59159BC421A94D5900938AB3 /* GenericErros.swift */,
				59159B9E21A94D5900938AB3 /* Extensions */,
				59159BA121A94D5900938AB3 /* Utils */,
				59159BB121A94D5900938AB3 /* Resources */,
				59159BB521A94D5900938AB3 /* HTTPRequest */,
				59159BBC21A94D5900938AB3 /* Constants */,
				59159BDF21A94D5900938AB3 /* Support */,
			);
			name = Infrastructure;
			sourceTree = "<group>";
		};
		59159B9E21A94D5900938AB3 /* Extensions */ = {
			isa = PBXGroup;
			children = (
				59159B9F21A94D5900938AB3 /* UIDeviceExtension.swift */,
				59159BA621A94D5900938AB3 /* UIViewExtension.swift */,
				59159BBA21A94D5900938AB3 /* UIImageExtension.swift */,
				59159BDB21A94D5900938AB3 /* UIColorExtension.swift */,
			);
			name = Extensions;
			sourceTree = "<group>";
		};
		59159BA121A94D5900938AB3 /* Utils */ = {
			isa = PBXGroup;
			children = (
				59159BA221A94D5900938AB3 /* Configuring.swift */,
				59159BA821A94D5900938AB3 /* Utils.swift */,
				59159BE221A94D5900938AB3 /* ImageStore.swift */,
				59159BE421A94D5900938AB3 /* Debugger.swift */,
			);
			name = Utils;
			sourceTree = "<group>";
		};
		59159BAE21A94D5900938AB3 /* Model */ = {
			isa = PBXGroup;
			children = (
				59573C5721A9D721007FDCC4 /* Transaction */,
				59573C4F21A9CDB1007FDCC4 /* Card */,
				59573C4C21A9CD6F007FDCC4 /* Account */,
				59573C1A21A957FF007FDCC4 /* User */,
				59159BC921A94D5900938AB3 /* infoModel.swift */,
				59159BAF21A94D5900938AB3 /* BaseModelProtocol.swift */,
			);
			name = Model;
			sourceTree = "<group>";
		};
		59159BB121A94D5900938AB3 /* Resources */ = {
			isa = PBXGroup;
			children = (
				59159BDD21A94D5900938AB3 /* infoResources.swift */,
				59159BFB21A94D5900938AB3 /* Assets.xcassets */,
				59159BB221A94D5900938AB3 /* Storyboards */,
				59159BF521A94D5900938AB3 /* PDFs */,
			);
			name = Resources;
			sourceTree = "<group>";
		};
		59159BB221A94D5900938AB3 /* Storyboards */ = {
			isa = PBXGroup;
			children = (
				59159BFD21A94D5900938AB3 /* LaunchScreen.storyboard */,
				59159BB321A94D5900938AB3 /* infoStoryboards.swift */,
			);
			name = Storyboards;
			sourceTree = "<group>";
		};
		59159BB521A94D5900938AB3 /* HTTPRequest */ = {
			isa = PBXGroup;
			children = (
				59159BB621A94D5900938AB3 /* Session.swift */,
				59159BB821A94D5900938AB3 /* URLSessionBase.swift */,
			);
			name = HTTPRequest;
			sourceTree = "<group>";
		};
		59159BBC21A94D5900938AB3 /* Constants */ = {
			isa = PBXGroup;
			children = (
				59159BBD21A94D5900938AB3 /* Api.swift */,
				59159BD921A94D5900938AB3 /* Env.swift */,
			);
			name = Constants;
			sourceTree = "<group>";
		};
		59159BBF21A94D5900938AB3 /* Business */ = {
			isa = PBXGroup;
			children = (
				59159BC021A94D5900938AB3 /* infoBusiness.swift */,
				59E9F1F521AAD2B5003A3035 /* Credcard */,
				59573C5E21A9DD9D007FDCC4 /* Transaction */,
				59573C2E21A967A0007FDCC4 /* Users */,
			);
			name = Business;
			sourceTree = "<group>";
		};
		59159BC621A94D5900938AB3 /* Manager */ = {
			isa = PBXGroup;
			children = (
				59159BC721A94D5900938AB3 /* infoManager.swift */,
				59E9F1F821AAD34E003A3035 /* Credcard */,
				59573C5A21A9DD56007FDCC4 /* Transaction */,
				59573C2B21A9673D007FDCC4 /* Users */,
			);
			name = Manager;
			sourceTree = "<group>";
		};
		59159BCD21A94D5900938AB3 /* UILayer */ = {
			isa = PBXGroup;
			children = (
				59159BCE21A94D5900938AB3 /* UIComponents */,
				59159BD121A94D5900938AB3 /* View */,
				59159BD421A94D5900938AB3 /* ViewController */,
				59159BF221A94D5900938AB3 /* XIBs */,
			);
			name = UILayer;
			sourceTree = "<group>";
		};
		59159BCE21A94D5900938AB3 /* UIComponents */ = {
			isa = PBXGroup;
			children = (
				59159BCF21A94D5900938AB3 /* infoUIComponents.swift */,
				59573C3121A97339007FDCC4 /* RoundedUIImage.swift */,
				59573C4A21A9C3D7007FDCC4 /* RoundedUIButton.swift */,
				59573C6B21AAB108007FDCC4 /* UIButtonNavbar.swift */,
			);
			name = UIComponents;
			sourceTree = "<group>";
		};
		59159BD121A94D5900938AB3 /* View */ = {
			isa = PBXGroup;
			children = (
				59159BD221A94D5900938AB3 /* infoView.swift */,
				59573C3621A979ED007FDCC4 /* Transaction */,
				59573C1721A9554F007FDCC4 /* Users */,
				59573C4221A9BDBD007FDCC4 /* Credcard */,
			);
			name = View;
			sourceTree = "<group>";
		};
		59159BD421A94D5900938AB3 /* ViewController */ = {
			isa = PBXGroup;
			children = (
				59159BD521A94D5900938AB3 /* infoViewController.swift */,
				59573C6621AAAC65007FDCC4 /* Credcard */,
				59573C1421A9552D007FDCC4 /* Users */,
				59573C3321A979CE007FDCC4 /* Transaction */,
			);
			name = ViewController;
			sourceTree = "<group>";
		};
		59159BDF21A94D5900938AB3 /* Support */ = {
			isa = PBXGroup;
			children = (
				59159BE021A94D5900938AB3 /* infoSupport.swift */,
				59159C0021A94D5900938AB3 /* Info.plist */,
			);
			name = Support;
			sourceTree = "<group>";
		};
		59159BF221A94D5900938AB3 /* XIBs */ = {
			isa = PBXGroup;
			children = (
				59159BF321A94D5900938AB3 /* infoXIB.swift */,
				59573C3F21A9BD52007FDCC4 /* Credcard */,
				59573C3921A97A15007FDCC4 /* Transaction */,
				59573C1D21A95B98007FDCC4 /* Users */,
			);
			name = XIBs;
			sourceTree = "<group>";
		};
		59159BF521A94D5900938AB3 /* PDFs */ = {
			isa = PBXGroup;
			children = (
				59159BF621A94D5900938AB3 /* iOS-Architecture.pdf */,
			);
			name = PDFs;
			sourceTree = "<group>";
		};
		59159C0821A94D5A00938AB3 /* PicPayTests */ = {
			isa = PBXGroup;
			children = (
				59159C0921A94D5A00938AB3 /* PicPayTests.swift */,
				59159C0B21A94D5A00938AB3 /* Info.plist */,
			);
			path = PicPayTests;
			sourceTree = "<group>";
		};
		59159C1321A94D5A00938AB3 /* PicPayUITests */ = {
			isa = PBXGroup;
			children = (
				59159C1421A94D5A00938AB3 /* PicPayUITests.swift */,
				59159C1621A94D5A00938AB3 /* Info.plist */,
			);
			path = PicPayUITests;
			sourceTree = "<group>";
		};
		59573C0C21A953A3007FDCC4 /* Coordinator */ = {
			isa = PBXGroup;
			children = (
				59573C0D21A953CF007FDCC4 /* Coordinator.swift */,
				59573C0F21A953FA007FDCC4 /* AppCoordinator.swift */,
				59E9F1E021AAB53C003A3035 /* Credcard */,
				59573C1121A95480007FDCC4 /* Users */,
				59573C3C21A97A98007FDCC4 /* Transaction */,
			);
			name = Coordinator;
			sourceTree = "<group>";
		};
		59573C1121A95480007FDCC4 /* Users */ = {
			isa = PBXGroup;
			children = (
				59573C1221A95490007FDCC4 /* UsersCoordinator.swift */,
			);
			name = Users;
			sourceTree = "<group>";
		};
		59573C1421A9552D007FDCC4 /* Users */ = {
			isa = PBXGroup;
			children = (
				59573C1521A95548007FDCC4 /* UsersViewController.swift */,
				59573C2021A95CBB007FDCC4 /* UserDataSource.swift */,
			);
			name = Users;
			sourceTree = "<group>";
		};
		59573C1721A9554F007FDCC4 /* Users */ = {
			isa = PBXGroup;
			children = (
				59573C1821A95565007FDCC4 /* UsersView.swift */,
				59573C2221A95D57007FDCC4 /* UsersUIViewCell.swift */,
			);
			name = Users;
			sourceTree = "<group>";
		};
		59573C1A21A957FF007FDCC4 /* User */ = {
			isa = PBXGroup;
			children = (
				59573C1B21A9580D007FDCC4 /* User.swift */,
			);
			name = User;
			sourceTree = "<group>";
		};
		59573C1D21A95B98007FDCC4 /* Users */ = {
			isa = PBXGroup;
			children = (
				59573C1E21A95BA5007FDCC4 /* UsersViewController.xib */,
				59573C2421A95D93007FDCC4 /* UsersUIViewCell.xib */,
			);
			name = Users;
			sourceTree = "<group>";
		};
		59573C2621A96142007FDCC4 /* Users */ = {
			isa = PBXGroup;
			children = (
				59573C2721A96155007FDCC4 /* UsersProviderProtocol.swift */,
				59573C2921A9615F007FDCC4 /* UsersProvider.swift */,
			);
			name = Users;
			sourceTree = "<group>";
		};
		59573C2B21A9673D007FDCC4 /* Users */ = {
			isa = PBXGroup;
			children = (
				59573C2C21A9674A007FDCC4 /* UserManager.swift */,
			);
			name = Users;
			sourceTree = "<group>";
		};
		59573C2E21A967A0007FDCC4 /* Users */ = {
			isa = PBXGroup;
			children = (
				59573C2F21A967AF007FDCC4 /* UsersBusiness.swift */,
			);
			name = Users;
			sourceTree = "<group>";
		};
		59573C3321A979CE007FDCC4 /* Transaction */ = {
			isa = PBXGroup;
			children = (
				59573C3421A979E6007FDCC4 /* TransactionViewController.swift */,
			);
			name = Transaction;
			sourceTree = "<group>";
		};
		59573C3621A979ED007FDCC4 /* Transaction */ = {
			isa = PBXGroup;
			children = (
				59573C3721A979FA007FDCC4 /* TransactionView.swift */,
			);
			name = Transaction;
			sourceTree = "<group>";
		};
		59573C3921A97A15007FDCC4 /* Transaction */ = {
			isa = PBXGroup;
			children = (
				59573C3A21A97A20007FDCC4 /* TransactionViewController.xib */,
			);
			name = Transaction;
			sourceTree = "<group>";
		};
		59573C3C21A97A98007FDCC4 /* Transaction */ = {
			isa = PBXGroup;
			children = (
				59573C3D21A97AAC007FDCC4 /* TransactionCoordinator.swift */,
			);
			name = Transaction;
			sourceTree = "<group>";
		};
		59573C3F21A9BD52007FDCC4 /* Credcard */ = {
			isa = PBXGroup;
			children = (
				59573C4021A9BDAE007FDCC4 /* CredcardPaymentView.xib */,
				59573C6921AAAC8F007FDCC4 /* CredcardListViewController.xib */,
				59E9F1E921AAC0E5003A3035 /* CredcardListViewforFooter.xib */,
				59E9F1F121AAC548003A3035 /* CredcardCreateViewController.xib */,
				59E9F1FB21AAE3AA003A3035 /* CredcardListUIViewCell.xib */,
			);
			name = Credcard;
			sourceTree = "<group>";
		};
		59573C4221A9BDBD007FDCC4 /* Credcard */ = {
			isa = PBXGroup;
			children = (
				59573C4321A9BDD0007FDCC4 /* CredcardPaymentView.swift */,
				59573C6421AAAC5C007FDCC4 /* CredcardListView.swift */,
				59E9F1E521AABC30003A3035 /* CredcardListUIViewCell.swift */,
				59E9F1E721AAC0AA003A3035 /* CredcardListViewforFooter.swift */,
				59E9F1ED21AAC504003A3035 /* CredcardCreateView.swift */,
			);
			name = Credcard;
			sourceTree = "<group>";
		};
		59573C4C21A9CD6F007FDCC4 /* Account */ = {
			isa = PBXGroup;
			children = (
				59573C4D21A9CD7B007FDCC4 /* Account.swift */,
			);
			name = Account;
			sourceTree = "<group>";
		};
		59573C4F21A9CDB1007FDCC4 /* Card */ = {
			isa = PBXGroup;
			children = (
				59573C5021A9CDB8007FDCC4 /* Card.swift */,
			);
			name = Card;
			sourceTree = "<group>";
		};
		59573C5221A9D42F007FDCC4 /* Transaction */ = {
			isa = PBXGroup;
			children = (
				59573C5321A9D44A007FDCC4 /* TransactionProvider.swift */,
				59573C5521A9D452007FDCC4 /* TransactionProviderProtocol.swift */,
			);
			name = Transaction;
			sourceTree = "<group>";
		};
		59573C5721A9D721007FDCC4 /* Transaction */ = {
			isa = PBXGroup;
			children = (
				59573C5821A9D731007FDCC4 /* Transaction.swift */,
			);
			name = Transaction;
			sourceTree = "<group>";
		};
		59573C5A21A9DD56007FDCC4 /* Transaction */ = {
			isa = PBXGroup;
			children = (
				59573C5B21A9DD6E007FDCC4 /* TransactionManager.swift */,
			);
			name = Transaction;
			sourceTree = "<group>";
		};
		59573C5E21A9DD9D007FDCC4 /* Transaction */ = {
			isa = PBXGroup;
			children = (
				59573C5F21A9DDA4007FDCC4 /* TransactionBusiness.swift */,
			);
			name = Transaction;
			sourceTree = "<group>";
		};
		59573C6121AA0F30007FDCC4 /* Account */ = {
			isa = PBXGroup;
			children = (
				59573C6221AA0F4C007FDCC4 /* AccountStorage.swift */,
			);
			name = Account;
			sourceTree = "<group>";
		};
		59573C6621AAAC65007FDCC4 /* Credcard */ = {
			isa = PBXGroup;
			children = (
				59573C6721AAAC75007FDCC4 /* CredcardListViewController.swift */,
				59E9F1E321AABC05003A3035 /* CredcardDataSource.swift */,
				59E9F1EF21AAC516003A3035 /* CredcardCreateViewController.swift */,
			);
			name = Credcard;
			sourceTree = "<group>";
		};
		59E9F1E021AAB53C003A3035 /* Credcard */ = {
			isa = PBXGroup;
			children = (
				59E9F1E121AAB550003A3035 /* CredcardListCoordinator.swift */,
				59E9F1F321AAC63A003A3035 /* CredcardCreateCoordinator.swift */,
			);
			name = Credcard;
			sourceTree = "<group>";
		};
		59E9F1F521AAD2B5003A3035 /* Credcard */ = {
			isa = PBXGroup;
			children = (
				59E9F1F621AAD2C4003A3035 /* CredcardBusiness.swift */,
			);
			name = Credcard;
			sourceTree = "<group>";
		};
		59E9F1F821AAD34E003A3035 /* Credcard */ = {
			isa = PBXGroup;
			children = (
				59E9F1F921AAD35C003A3035 /* CredcardManager.swift */,
			);
			name = Credcard;
			sourceTree = "<group>";
		};
		C48BCC4CDE97D24752E3E810 /* Frameworks */ = {
			isa = PBXGroup;
			children = (
				5C9110DC69370A44AF62F0BE /* Pods_PicPay.framework */,
				CBF601E7F82E9FE299E04A01 /* Pods_PicPayTests.framework */,
				A94A1C03F6A1924CA4398373 /* Pods_PicPayUITests.framework */,
			);
			name = Frameworks;
			sourceTree = "<group>";
		};
/* End PBXGroup section */

/* Begin PBXNativeTarget section */
		59159B9321A94D5900938AB3 /* PicPay */ = {
			isa = PBXNativeTarget;
			buildConfigurationList = 59159C1921A94D5A00938AB3 /* Build configuration list for PBXNativeTarget "PicPay" */;
			buildPhases = (
				D74E1BB98246E0977E01F952 /* [CP] Check Pods Manifest.lock */,
				59159B9021A94D5900938AB3 /* Sources */,
				59159B9121A94D5900938AB3 /* Frameworks */,
				59159B9221A94D5900938AB3 /* Resources */,
				59159C2221A94FCF00938AB3 /* ShellScript */,
				A7B3129DFF1175C8BF3FA5F8 /* [CP] Embed Pods Frameworks */,
			);
			buildRules = (
			);
			dependencies = (
			);
			name = PicPay;
			productName = PicPay;
			productReference = 59159B9421A94D5900938AB3 /* PicPay.app */;
			productType = "com.apple.product-type.application";
		};
		59159C0421A94D5A00938AB3 /* PicPayTests */ = {
			isa = PBXNativeTarget;
			buildConfigurationList = 59159C1C21A94D5A00938AB3 /* Build configuration list for PBXNativeTarget "PicPayTests" */;
			buildPhases = (
				80576E34E037A1F52FA85766 /* [CP] Check Pods Manifest.lock */,
				59159C0121A94D5A00938AB3 /* Sources */,
				59159C0221A94D5A00938AB3 /* Frameworks */,
				59159C0321A94D5A00938AB3 /* Resources */,
			);
			buildRules = (
			);
			dependencies = (
				59159C0721A94D5A00938AB3 /* PBXTargetDependency */,
			);
			name = PicPayTests;
			productName = PicPayTests;
			productReference = 59159C0521A94D5A00938AB3 /* PicPayTests.xctest */;
			productType = "com.apple.product-type.bundle.unit-test";
		};
		59159C0F21A94D5A00938AB3 /* PicPayUITests */ = {
			isa = PBXNativeTarget;
			buildConfigurationList = 59159C1F21A94D5A00938AB3 /* Build configuration list for PBXNativeTarget "PicPayUITests" */;
			buildPhases = (
				673D80BEFFDE367ED60E8344 /* [CP] Check Pods Manifest.lock */,
				59159C0C21A94D5A00938AB3 /* Sources */,
				59159C0D21A94D5A00938AB3 /* Frameworks */,
				59159C0E21A94D5A00938AB3 /* Resources */,
			);
			buildRules = (
			);
			dependencies = (
				59159C1221A94D5A00938AB3 /* PBXTargetDependency */,
			);
			name = PicPayUITests;
			productName = PicPayUITests;
			productReference = 59159C1021A94D5A00938AB3 /* PicPayUITests.xctest */;
			productType = "com.apple.product-type.bundle.ui-testing";
		};
/* End PBXNativeTarget section */

/* Begin PBXProject section */
		59159B8C21A94D5900938AB3 /* Project object */ = {
			isa = PBXProject;
			attributes = {
				LastSwiftUpdateCheck = 1010;
				LastUpgradeCheck = 1010;
				ORGANIZATIONNAME = "Marcelo Reis";
				TargetAttributes = {
					59159B9321A94D5900938AB3 = {
						CreatedOnToolsVersion = 10.1;
					};
					59159C0421A94D5A00938AB3 = {
						CreatedOnToolsVersion = 10.1;
						TestTargetID = 59159B9321A94D5900938AB3;
					};
					59159C0F21A94D5A00938AB3 = {
						CreatedOnToolsVersion = 10.1;
						TestTargetID = 59159B9321A94D5900938AB3;
					};
				};
			};
			buildConfigurationList = 59159B8F21A94D5900938AB3 /* Build configuration list for PBXProject "PicPay" */;
			compatibilityVersion = "Xcode 9.3";
			developmentRegion = en;
			hasScannedForEncodings = 0;
			knownRegions = (
				en,
				Base,
			);
			mainGroup = 59159B8B21A94D5900938AB3;
			productRefGroup = 59159B9521A94D5900938AB3 /* Products */;
			projectDirPath = "";
			projectRoot = "";
			targets = (
				59159B9321A94D5900938AB3 /* PicPay */,
				59159C0421A94D5A00938AB3 /* PicPayTests */,
				59159C0F21A94D5A00938AB3 /* PicPayUITests */,
			);
		};
/* End PBXProject section */

/* Begin PBXResourcesBuildPhase section */
		59159B9221A94D5900938AB3 /* Resources */ = {
			isa = PBXResourcesBuildPhase;
			buildActionMask = 2147483647;
			files = (
				59573C2521A95D93007FDCC4 /* UsersUIViewCell.xib in Resources */,
				59573C4121A9BDAE007FDCC4 /* CredcardPaymentView.xib in Resources */,
				59573C6A21AAAC8F007FDCC4 /* CredcardListViewController.xib in Resources */,
				59159BF721A94D5900938AB3 /* iOS-Architecture.pdf in Resources */,
				59E9F1FC21AAE3AA003A3035 /* CredcardListUIViewCell.xib in Resources */,
				59E9F1F221AAC548003A3035 /* CredcardCreateViewController.xib in Resources */,
				59573C1F21A95BA5007FDCC4 /* UsersViewController.xib in Resources */,
				59159BFF21A94D5900938AB3 /* LaunchScreen.storyboard in Resources */,
				59159BFC21A94D5900938AB3 /* Assets.xcassets in Resources */,
				59573C3B21A97A20007FDCC4 /* TransactionViewController.xib in Resources */,
				59E9F1EA21AAC0E5003A3035 /* CredcardListViewforFooter.xib in Resources */,
			);
			runOnlyForDeploymentPostprocessing = 0;
		};
		59159C0321A94D5A00938AB3 /* Resources */ = {
			isa = PBXResourcesBuildPhase;
			buildActionMask = 2147483647;
			files = (
			);
			runOnlyForDeploymentPostprocessing = 0;
		};
		59159C0E21A94D5A00938AB3 /* Resources */ = {
			isa = PBXResourcesBuildPhase;
			buildActionMask = 2147483647;
			files = (
			);
			runOnlyForDeploymentPostprocessing = 0;
		};
/* End PBXResourcesBuildPhase section */

/* Begin PBXShellScriptBuildPhase section */
		59159C2221A94FCF00938AB3 /* ShellScript */ = {
			isa = PBXShellScriptBuildPhase;
			buildActionMask = 2147483647;
			files = (
			);
			inputFileListPaths = (
			);
			inputPaths = (
			);
			outputFileListPaths = (
			);
			outputPaths = (
			);
			runOnlyForDeploymentPostprocessing = 0;
			shellPath = /bin/sh;
			shellScript = "if which swiftlint >/dev/null; then\nswiftlint\nelse\necho \"warning: SwiftLint not installed, download from https://github.com/realm/SwiftLint\"\nfi\n";
		};
		673D80BEFFDE367ED60E8344 /* [CP] Check Pods Manifest.lock */ = {
			isa = PBXShellScriptBuildPhase;
			buildActionMask = 2147483647;
			files = (
			);
			inputFileListPaths = (
			);
			inputPaths = (
				"${PODS_PODFILE_DIR_PATH}/Podfile.lock",
				"${PODS_ROOT}/Manifest.lock",
			);
			name = "[CP] Check Pods Manifest.lock";
			outputFileListPaths = (
			);
			outputPaths = (
				"$(DERIVED_FILE_DIR)/Pods-PicPayUITests-checkManifestLockResult.txt",
			);
			runOnlyForDeploymentPostprocessing = 0;
			shellPath = /bin/sh;
			shellScript = "diff \"${PODS_PODFILE_DIR_PATH}/Podfile.lock\" \"${PODS_ROOT}/Manifest.lock\" > /dev/null\nif [ $? != 0 ] ; then\n    # print error to STDERR\n    echo \"error: The sandbox is not in sync with the Podfile.lock. Run 'pod install' or update your CocoaPods installation.\" >&2\n    exit 1\nfi\n# This output is used by Xcode 'outputs' to avoid re-running this script phase.\necho \"SUCCESS\" > \"${SCRIPT_OUTPUT_FILE_0}\"\n";
			showEnvVarsInLog = 0;
		};
		80576E34E037A1F52FA85766 /* [CP] Check Pods Manifest.lock */ = {
			isa = PBXShellScriptBuildPhase;
			buildActionMask = 2147483647;
			files = (
			);
			inputFileListPaths = (
			);
			inputPaths = (
				"${PODS_PODFILE_DIR_PATH}/Podfile.lock",
				"${PODS_ROOT}/Manifest.lock",
			);
			name = "[CP] Check Pods Manifest.lock";
			outputFileListPaths = (
			);
			outputPaths = (
				"$(DERIVED_FILE_DIR)/Pods-PicPayTests-checkManifestLockResult.txt",
			);
			runOnlyForDeploymentPostprocessing = 0;
			shellPath = /bin/sh;
			shellScript = "diff \"${PODS_PODFILE_DIR_PATH}/Podfile.lock\" \"${PODS_ROOT}/Manifest.lock\" > /dev/null\nif [ $? != 0 ] ; then\n    # print error to STDERR\n    echo \"error: The sandbox is not in sync with the Podfile.lock. Run 'pod install' or update your CocoaPods installation.\" >&2\n    exit 1\nfi\n# This output is used by Xcode 'outputs' to avoid re-running this script phase.\necho \"SUCCESS\" > \"${SCRIPT_OUTPUT_FILE_0}\"\n";
			showEnvVarsInLog = 0;
		};
		A7B3129DFF1175C8BF3FA5F8 /* [CP] Embed Pods Frameworks */ = {
			isa = PBXShellScriptBuildPhase;
			buildActionMask = 2147483647;
			files = (
			);
			inputFileListPaths = (
			);
			inputPaths = (
				"${SRCROOT}/Pods/Target Support Files/Pods-PicPay/Pods-PicPay-frameworks.sh",
				"${BUILT_PRODUCTS_DIR}/ReachabilitySwift/Reachability.framework",
			);
			name = "[CP] Embed Pods Frameworks";
			outputFileListPaths = (
			);
			outputPaths = (
				"${TARGET_BUILD_DIR}/${FRAMEWORKS_FOLDER_PATH}/Reachability.framework",
			);
			runOnlyForDeploymentPostprocessing = 0;
			shellPath = /bin/sh;
			shellScript = "\"${SRCROOT}/Pods/Target Support Files/Pods-PicPay/Pods-PicPay-frameworks.sh\"\n";
			showEnvVarsInLog = 0;
		};
		D74E1BB98246E0977E01F952 /* [CP] Check Pods Manifest.lock */ = {
			isa = PBXShellScriptBuildPhase;
			buildActionMask = 2147483647;
			files = (
			);
			inputFileListPaths = (
			);
			inputPaths = (
				"${PODS_PODFILE_DIR_PATH}/Podfile.lock",
				"${PODS_ROOT}/Manifest.lock",
			);
			name = "[CP] Check Pods Manifest.lock";
			outputFileListPaths = (
			);
			outputPaths = (
				"$(DERIVED_FILE_DIR)/Pods-PicPay-checkManifestLockResult.txt",
			);
			runOnlyForDeploymentPostprocessing = 0;
			shellPath = /bin/sh;
			shellScript = "diff \"${PODS_PODFILE_DIR_PATH}/Podfile.lock\" \"${PODS_ROOT}/Manifest.lock\" > /dev/null\nif [ $? != 0 ] ; then\n    # print error to STDERR\n    echo \"error: The sandbox is not in sync with the Podfile.lock. Run 'pod install' or update your CocoaPods installation.\" >&2\n    exit 1\nfi\n# This output is used by Xcode 'outputs' to avoid re-running this script phase.\necho \"SUCCESS\" > \"${SCRIPT_OUTPUT_FILE_0}\"\n";
			showEnvVarsInLog = 0;
		};
/* End PBXShellScriptBuildPhase section */

/* Begin PBXSourcesBuildPhase section */
		59159B9021A94D5900938AB3 /* Sources */ = {
			isa = PBXSourcesBuildPhase;
			buildActionMask = 2147483647;
			files = (
				59159BA721A94D5900938AB3 /* UIViewExtension.swift in Sources */,
				59573C1321A95490007FDCC4 /* UsersCoordinator.swift in Sources */,
				59159BDA21A94D5900938AB3 /* Env.swift in Sources */,
				59573C6521AAAC5C007FDCC4 /* CredcardListView.swift in Sources */,
				59573C6021A9DDA4007FDCC4 /* TransactionBusiness.swift in Sources */,
				59159BA021A94D5900938AB3 /* UIDeviceExtension.swift in Sources */,
				59159BF421A94D5900938AB3 /* infoXIB.swift in Sources */,
				59573C1921A95565007FDCC4 /* UsersView.swift in Sources */,
				59573C2821A96155007FDCC4 /* UsersProviderProtocol.swift in Sources */,
				59573C2121A95CBB007FDCC4 /* UserDataSource.swift in Sources */,
				59159BD321A94D5900938AB3 /* infoView.swift in Sources */,
				59159BBE21A94D5900938AB3 /* Api.swift in Sources */,
				59159BD621A94D5900938AB3 /* infoViewController.swift in Sources */,
				59573C4B21A9C3D7007FDCC4 /* RoundedUIButton.swift in Sources */,
				59159BD021A94D5900938AB3 /* infoUIComponents.swift in Sources */,
				59159BE521A94D5900938AB3 /* Debugger.swift in Sources */,
				59E9F1E221AAB550003A3035 /* CredcardListCoordinator.swift in Sources */,
				59573C5C21A9DD6E007FDCC4 /* TransactionManager.swift in Sources */,
				59159BC121A94D5900938AB3 /* infoBusiness.swift in Sources */,
				59573C6C21AAB108007FDCC4 /* UIButtonNavbar.swift in Sources */,
				59573C2321A95D57007FDCC4 /* UsersUIViewCell.swift in Sources */,
				59573C2D21A9674A007FDCC4 /* UserManager.swift in Sources */,
				59573C1621A95548007FDCC4 /* UsersViewController.swift in Sources */,
				59573C3821A979FA007FDCC4 /* TransactionView.swift in Sources */,
				59159BB421A94D5900938AB3 /* infoStoryboards.swift in Sources */,
				59E9F1E421AABC05003A3035 /* CredcardDataSource.swift in Sources */,
				59E9F1F421AAC63A003A3035 /* CredcardCreateCoordinator.swift in Sources */,
				59159BA521A94D5900938AB3 /* Dynamic.swift in Sources */,
				59573C3521A979E6007FDCC4 /* TransactionViewController.swift in Sources */,
				59159BE121A94D5900938AB3 /* infoSupport.swift in Sources */,
				59573C2A21A9615F007FDCC4 /* UsersProvider.swift in Sources */,
				59159BA921A94D5900938AB3 /* Utils.swift in Sources */,
				59573C6821AAAC75007FDCC4 /* CredcardListViewController.swift in Sources */,
				59159BDE21A94D5900938AB3 /* infoResources.swift in Sources */,
				59159B9C21A94D5900938AB3 /* ProviderProtocol.swift in Sources */,
				59573C5121A9CDB8007FDCC4 /* Card.swift in Sources */,
				59573C4E21A9CD7B007FDCC4 /* Account.swift in Sources */,
				59573C6321AA0F4C007FDCC4 /* AccountStorage.swift in Sources */,
				59159BDC21A94D5900938AB3 /* UIColorExtension.swift in Sources */,
				59E9F1F721AAD2C4003A3035 /* CredcardBusiness.swift in Sources */,
				59159BB921A94D5900938AB3 /* URLSessionBase.swift in Sources */,
				59159BBB21A94D5900938AB3 /* UIImageExtension.swift in Sources */,
				59159BB721A94D5900938AB3 /* Session.swift in Sources */,
				59573C1021A953FA007FDCC4 /* AppCoordinator.swift in Sources */,
				59573C5421A9D44A007FDCC4 /* TransactionProvider.swift in Sources */,
				59573C3E21A97AAC007FDCC4 /* TransactionCoordinator.swift in Sources */,
				59159B9821A94D5900938AB3 /* AppDelegate.swift in Sources */,
				59E9F1FA21AAD35C003A3035 /* CredcardManager.swift in Sources */,
				59159BB021A94D5900938AB3 /* BaseModelProtocol.swift in Sources */,
				59159BC521A94D5900938AB3 /* GenericErros.swift in Sources */,
				59159BE321A94D5900938AB3 /* ImageStore.swift in Sources */,
				59573C5921A9D731007FDCC4 /* Transaction.swift in Sources */,
				59573C0E21A953CF007FDCC4 /* Coordinator.swift in Sources */,
				59573C5621A9D452007FDCC4 /* TransactionProviderProtocol.swift in Sources */,
				59E9F1F021AAC516003A3035 /* CredcardCreateViewController.swift in Sources */,
				59E9F1E821AAC0AA003A3035 /* CredcardListViewforFooter.swift in Sources */,
				59573C3021A967AF007FDCC4 /* UsersBusiness.swift in Sources */,
				59159BA321A94D5900938AB3 /* Configuring.swift in Sources */,
				59159BCC21A94D5900938AB3 /* infoProvider.swift in Sources */,
				59E9F1E621AABC30003A3035 /* CredcardListUIViewCell.swift in Sources */,
				59159BC821A94D5900938AB3 /* infoManager.swift in Sources */,
				59573C1C21A9580D007FDCC4 /* User.swift in Sources */,
				59E9F1EE21AAC504003A3035 /* CredcardCreateView.swift in Sources */,
				59159BC321A94D5900938AB3 /* infoInfrastructure.swift in Sources */,
				59573C3221A97339007FDCC4 /* RoundedUIImage.swift in Sources */,
				59159BD821A94D5900938AB3 /* infoArch.swift in Sources */,
				59573C4421A9BDD0007FDCC4 /* CredcardPaymentView.swift in Sources */,
				59159BCA21A94D5900938AB3 /* infoModel.swift in Sources */,
			);
			runOnlyForDeploymentPostprocessing = 0;
		};
		59159C0121A94D5A00938AB3 /* Sources */ = {
			isa = PBXSourcesBuildPhase;
			buildActionMask = 2147483647;
			files = (
				59159C0A21A94D5A00938AB3 /* PicPayTests.swift in Sources */,
			);
			runOnlyForDeploymentPostprocessing = 0;
		};
		59159C0C21A94D5A00938AB3 /* Sources */ = {
			isa = PBXSourcesBuildPhase;
			buildActionMask = 2147483647;
			files = (
				59159C1521A94D5A00938AB3 /* PicPayUITests.swift in Sources */,
			);
			runOnlyForDeploymentPostprocessing = 0;
		};
/* End PBXSourcesBuildPhase section */

/* Begin PBXTargetDependency section */
		59159C0721A94D5A00938AB3 /* PBXTargetDependency */ = {
			isa = PBXTargetDependency;
			target = 59159B9321A94D5900938AB3 /* PicPay */;
			targetProxy = 59159C0621A94D5A00938AB3 /* PBXContainerItemProxy */;
		};
		59159C1221A94D5A00938AB3 /* PBXTargetDependency */ = {
			isa = PBXTargetDependency;
			target = 59159B9321A94D5900938AB3 /* PicPay */;
			targetProxy = 59159C1121A94D5A00938AB3 /* PBXContainerItemProxy */;
		};
/* End PBXTargetDependency section */

/* Begin PBXVariantGroup section */
		59159BFD21A94D5900938AB3 /* LaunchScreen.storyboard */ = {
			isa = PBXVariantGroup;
			children = (
				59159BFE21A94D5900938AB3 /* Base */,
			);
			name = LaunchScreen.storyboard;
			sourceTree = "<group>";
		};
/* End PBXVariantGroup section */

/* Begin XCBuildConfiguration section */
		59159C1721A94D5A00938AB3 /* Debug */ = {
			isa = XCBuildConfiguration;
			buildSettings = {
				ALWAYS_SEARCH_USER_PATHS = NO;
				CLANG_ANALYZER_NONNULL = YES;
				CLANG_ANALYZER_NUMBER_OBJECT_CONVERSION = YES_AGGRESSIVE;
				CLANG_CXX_LANGUAGE_STANDARD = "gnu++14";
				CLANG_CXX_LIBRARY = "libc++";
				CLANG_ENABLE_MODULES = YES;
				CLANG_ENABLE_OBJC_ARC = YES;
				CLANG_ENABLE_OBJC_WEAK = YES;
				CLANG_WARN_BLOCK_CAPTURE_AUTORELEASING = YES;
				CLANG_WARN_BOOL_CONVERSION = YES;
				CLANG_WARN_COMMA = YES;
				CLANG_WARN_CONSTANT_CONVERSION = YES;
				CLANG_WARN_DEPRECATED_OBJC_IMPLEMENTATIONS = YES;
				CLANG_WARN_DIRECT_OBJC_ISA_USAGE = YES_ERROR;
				CLANG_WARN_DOCUMENTATION_COMMENTS = YES;
				CLANG_WARN_EMPTY_BODY = YES;
				CLANG_WARN_ENUM_CONVERSION = YES;
				CLANG_WARN_INFINITE_RECURSION = YES;
				CLANG_WARN_INT_CONVERSION = YES;
				CLANG_WARN_NON_LITERAL_NULL_CONVERSION = YES;
				CLANG_WARN_OBJC_IMPLICIT_RETAIN_SELF = YES;
				CLANG_WARN_OBJC_LITERAL_CONVERSION = YES;
				CLANG_WARN_OBJC_ROOT_CLASS = YES_ERROR;
				CLANG_WARN_RANGE_LOOP_ANALYSIS = YES;
				CLANG_WARN_STRICT_PROTOTYPES = YES;
				CLANG_WARN_SUSPICIOUS_MOVE = YES;
				CLANG_WARN_UNGUARDED_AVAILABILITY = YES_AGGRESSIVE;
				CLANG_WARN_UNREACHABLE_CODE = YES;
				CLANG_WARN__DUPLICATE_METHOD_MATCH = YES;
				CODE_SIGN_IDENTITY = "iPhone Developer";
				COPY_PHASE_STRIP = NO;
				DEBUG_INFORMATION_FORMAT = dwarf;
				ENABLE_STRICT_OBJC_MSGSEND = YES;
				ENABLE_TESTABILITY = YES;
				GCC_C_LANGUAGE_STANDARD = gnu11;
				GCC_DYNAMIC_NO_PIC = NO;
				GCC_NO_COMMON_BLOCKS = YES;
				GCC_OPTIMIZATION_LEVEL = 0;
				GCC_PREPROCESSOR_DEFINITIONS = (
					"DEBUG=1",
					"$(inherited)",
				);
				GCC_WARN_64_TO_32_BIT_CONVERSION = YES;
				GCC_WARN_ABOUT_RETURN_TYPE = YES_ERROR;
				GCC_WARN_UNDECLARED_SELECTOR = YES;
				GCC_WARN_UNINITIALIZED_AUTOS = YES_AGGRESSIVE;
				GCC_WARN_UNUSED_FUNCTION = YES;
				GCC_WARN_UNUSED_VARIABLE = YES;
				IPHONEOS_DEPLOYMENT_TARGET = 10.3;
				MTL_ENABLE_DEBUG_INFO = INCLUDE_SOURCE;
				MTL_FAST_MATH = YES;
				ONLY_ACTIVE_ARCH = YES;
				SDKROOT = iphoneos;
				SWIFT_ACTIVE_COMPILATION_CONDITIONS = DEBUG;
				SWIFT_OPTIMIZATION_LEVEL = "-Onone";
			};
			name = Debug;
		};
		59159C1821A94D5A00938AB3 /* Release */ = {
			isa = XCBuildConfiguration;
			buildSettings = {
				ALWAYS_SEARCH_USER_PATHS = NO;
				CLANG_ANALYZER_NONNULL = YES;
				CLANG_ANALYZER_NUMBER_OBJECT_CONVERSION = YES_AGGRESSIVE;
				CLANG_CXX_LANGUAGE_STANDARD = "gnu++14";
				CLANG_CXX_LIBRARY = "libc++";
				CLANG_ENABLE_MODULES = YES;
				CLANG_ENABLE_OBJC_ARC = YES;
				CLANG_ENABLE_OBJC_WEAK = YES;
				CLANG_WARN_BLOCK_CAPTURE_AUTORELEASING = YES;
				CLANG_WARN_BOOL_CONVERSION = YES;
				CLANG_WARN_COMMA = YES;
				CLANG_WARN_CONSTANT_CONVERSION = YES;
				CLANG_WARN_DEPRECATED_OBJC_IMPLEMENTATIONS = YES;
				CLANG_WARN_DIRECT_OBJC_ISA_USAGE = YES_ERROR;
				CLANG_WARN_DOCUMENTATION_COMMENTS = YES;
				CLANG_WARN_EMPTY_BODY = YES;
				CLANG_WARN_ENUM_CONVERSION = YES;
				CLANG_WARN_INFINITE_RECURSION = YES;
				CLANG_WARN_INT_CONVERSION = YES;
				CLANG_WARN_NON_LITERAL_NULL_CONVERSION = YES;
				CLANG_WARN_OBJC_IMPLICIT_RETAIN_SELF = YES;
				CLANG_WARN_OBJC_LITERAL_CONVERSION = YES;
				CLANG_WARN_OBJC_ROOT_CLASS = YES_ERROR;
				CLANG_WARN_RANGE_LOOP_ANALYSIS = YES;
				CLANG_WARN_STRICT_PROTOTYPES = YES;
				CLANG_WARN_SUSPICIOUS_MOVE = YES;
				CLANG_WARN_UNGUARDED_AVAILABILITY = YES_AGGRESSIVE;
				CLANG_WARN_UNREACHABLE_CODE = YES;
				CLANG_WARN__DUPLICATE_METHOD_MATCH = YES;
				CODE_SIGN_IDENTITY = "iPhone Developer";
				COPY_PHASE_STRIP = NO;
				DEBUG_INFORMATION_FORMAT = "dwarf-with-dsym";
				ENABLE_NS_ASSERTIONS = NO;
				ENABLE_STRICT_OBJC_MSGSEND = YES;
				GCC_C_LANGUAGE_STANDARD = gnu11;
				GCC_NO_COMMON_BLOCKS = YES;
				GCC_WARN_64_TO_32_BIT_CONVERSION = YES;
				GCC_WARN_ABOUT_RETURN_TYPE = YES_ERROR;
				GCC_WARN_UNDECLARED_SELECTOR = YES;
				GCC_WARN_UNINITIALIZED_AUTOS = YES_AGGRESSIVE;
				GCC_WARN_UNUSED_FUNCTION = YES;
				GCC_WARN_UNUSED_VARIABLE = YES;
				IPHONEOS_DEPLOYMENT_TARGET = 10.3;
				MTL_ENABLE_DEBUG_INFO = NO;
				MTL_FAST_MATH = YES;
				SDKROOT = iphoneos;
				SWIFT_COMPILATION_MODE = wholemodule;
				SWIFT_OPTIMIZATION_LEVEL = "-O";
				VALIDATE_PRODUCT = YES;
			};
			name = Release;
		};
		59159C1A21A94D5A00938AB3 /* Debug */ = {
			isa = XCBuildConfiguration;
			baseConfigurationReference = 28BB21545EB5DCFA89E5647D /* Pods-PicPay.debug.xcconfig */;
			buildSettings = {
				ASSETCATALOG_COMPILER_APPICON_NAME = AppIcon;
				CODE_SIGN_STYLE = Automatic;
				DEVELOPMENT_TEAM = AV35G7X2KU;
				INFOPLIST_FILE = PicPay/Info.plist;
				IPHONEOS_DEPLOYMENT_TARGET = 10.3;
				LD_RUNPATH_SEARCH_PATHS = (
					"$(inherited)",
					"@executable_path/Frameworks",
				);
				PRODUCT_BUNDLE_IDENTIFIER = cc.marcelo.PicPay;
				PRODUCT_NAME = "$(TARGET_NAME)";
				SWIFT_VERSION = 4.2;
				TARGETED_DEVICE_FAMILY = "1,2";
			};
			name = Debug;
		};
		59159C1B21A94D5A00938AB3 /* Release */ = {
			isa = XCBuildConfiguration;
			baseConfigurationReference = B7C6C892BD67EEF844BCDEA9 /* Pods-PicPay.release.xcconfig */;
			buildSettings = {
				ASSETCATALOG_COMPILER_APPICON_NAME = AppIcon;
				CODE_SIGN_STYLE = Automatic;
				DEVELOPMENT_TEAM = AV35G7X2KU;
				INFOPLIST_FILE = PicPay/Info.plist;
				IPHONEOS_DEPLOYMENT_TARGET = 10.3;
				LD_RUNPATH_SEARCH_PATHS = (
					"$(inherited)",
					"@executable_path/Frameworks",
				);
				PRODUCT_BUNDLE_IDENTIFIER = cc.marcelo.PicPay;
				PRODUCT_NAME = "$(TARGET_NAME)";
				SWIFT_VERSION = 4.2;
				TARGETED_DEVICE_FAMILY = "1,2";
			};
			name = Release;
		};
		59159C1D21A94D5A00938AB3 /* Debug */ = {
			isa = XCBuildConfiguration;
			baseConfigurationReference = 40580EA27F6D481EACD76254 /* Pods-PicPayTests.debug.xcconfig */;
			buildSettings = {
				ALWAYS_EMBED_SWIFT_STANDARD_LIBRARIES = YES;
				BUNDLE_LOADER = "$(TEST_HOST)";
				CODE_SIGN_STYLE = Automatic;
				DEVELOPMENT_TEAM = AV35G7X2KU;
				INFOPLIST_FILE = PicPayTests/Info.plist;
				LD_RUNPATH_SEARCH_PATHS = (
					"$(inherited)",
					"@executable_path/Frameworks",
					"@loader_path/Frameworks",
				);
				PRODUCT_BUNDLE_IDENTIFIER = cc.marcelo.PicPayTests;
				PRODUCT_NAME = "$(TARGET_NAME)";
				SWIFT_VERSION = 4.2;
				TARGETED_DEVICE_FAMILY = "1,2";
				TEST_HOST = "$(BUILT_PRODUCTS_DIR)/PicPay.app/PicPay";
			};
			name = Debug;
		};
		59159C1E21A94D5A00938AB3 /* Release */ = {
			isa = XCBuildConfiguration;
			baseConfigurationReference = F56686D074F9B61A6CB9FE96 /* Pods-PicPayTests.release.xcconfig */;
			buildSettings = {
				ALWAYS_EMBED_SWIFT_STANDARD_LIBRARIES = YES;
				BUNDLE_LOADER = "$(TEST_HOST)";
				CODE_SIGN_STYLE = Automatic;
				DEVELOPMENT_TEAM = AV35G7X2KU;
				INFOPLIST_FILE = PicPayTests/Info.plist;
				LD_RUNPATH_SEARCH_PATHS = (
					"$(inherited)",
					"@executable_path/Frameworks",
					"@loader_path/Frameworks",
				);
				PRODUCT_BUNDLE_IDENTIFIER = cc.marcelo.PicPayTests;
				PRODUCT_NAME = "$(TARGET_NAME)";
				SWIFT_VERSION = 4.2;
				TARGETED_DEVICE_FAMILY = "1,2";
				TEST_HOST = "$(BUILT_PRODUCTS_DIR)/PicPay.app/PicPay";
			};
			name = Release;
		};
		59159C2021A94D5A00938AB3 /* Debug */ = {
			isa = XCBuildConfiguration;
			baseConfigurationReference = DEDCBE5AF3B4EDC74A8EFE99 /* Pods-PicPayUITests.debug.xcconfig */;
			buildSettings = {
				ALWAYS_EMBED_SWIFT_STANDARD_LIBRARIES = YES;
				CODE_SIGN_STYLE = Automatic;
				DEVELOPMENT_TEAM = AV35G7X2KU;
				INFOPLIST_FILE = PicPayUITests/Info.plist;
				LD_RUNPATH_SEARCH_PATHS = (
					"$(inherited)",
					"@executable_path/Frameworks",
					"@loader_path/Frameworks",
				);
				PRODUCT_BUNDLE_IDENTIFIER = cc.marcelo.PicPayUITests;
				PRODUCT_NAME = "$(TARGET_NAME)";
				SWIFT_VERSION = 4.2;
				TARGETED_DEVICE_FAMILY = "1,2";
				TEST_TARGET_NAME = PicPay;
			};
			name = Debug;
		};
		59159C2121A94D5A00938AB3 /* Release */ = {
			isa = XCBuildConfiguration;
			baseConfigurationReference = 4BEBF07007386BAB34E7EA32 /* Pods-PicPayUITests.release.xcconfig */;
			buildSettings = {
				ALWAYS_EMBED_SWIFT_STANDARD_LIBRARIES = YES;
				CODE_SIGN_STYLE = Automatic;
				DEVELOPMENT_TEAM = AV35G7X2KU;
				INFOPLIST_FILE = PicPayUITests/Info.plist;
				LD_RUNPATH_SEARCH_PATHS = (
					"$(inherited)",
					"@executable_path/Frameworks",
					"@loader_path/Frameworks",
				);
				PRODUCT_BUNDLE_IDENTIFIER = cc.marcelo.PicPayUITests;
				PRODUCT_NAME = "$(TARGET_NAME)";
				SWIFT_VERSION = 4.2;
				TARGETED_DEVICE_FAMILY = "1,2";
				TEST_TARGET_NAME = PicPay;
			};
			name = Release;
		};
/* End XCBuildConfiguration section */

/* Begin XCConfigurationList section */
		59159B8F21A94D5900938AB3 /* Build configuration list for PBXProject "PicPay" */ = {
			isa = XCConfigurationList;
			buildConfigurations = (
				59159C1721A94D5A00938AB3 /* Debug */,
				59159C1821A94D5A00938AB3 /* Release */,
			);
			defaultConfigurationIsVisible = 0;
			defaultConfigurationName = Release;
		};
		59159C1921A94D5A00938AB3 /* Build configuration list for PBXNativeTarget "PicPay" */ = {
			isa = XCConfigurationList;
			buildConfigurations = (
				59159C1A21A94D5A00938AB3 /* Debug */,
				59159C1B21A94D5A00938AB3 /* Release */,
			);
			defaultConfigurationIsVisible = 0;
			defaultConfigurationName = Release;
		};
		59159C1C21A94D5A00938AB3 /* Build configuration list for PBXNativeTarget "PicPayTests" */ = {
			isa = XCConfigurationList;
			buildConfigurations = (
				59159C1D21A94D5A00938AB3 /* Debug */,
				59159C1E21A94D5A00938AB3 /* Release */,
			);
			defaultConfigurationIsVisible = 0;
			defaultConfigurationName = Release;
		};
		59159C1F21A94D5A00938AB3 /* Build configuration list for PBXNativeTarget "PicPayUITests" */ = {
			isa = XCConfigurationList;
			buildConfigurations = (
				59159C2021A94D5A00938AB3 /* Debug */,
				59159C2121A94D5A00938AB3 /* Release */,
			);
			defaultConfigurationIsVisible = 0;
			defaultConfigurationName = Release;
		};
/* End XCConfigurationList section */
	};
	rootObject = 59159B8C21A94D5900938AB3 /* Project object */;
}
